
Microsoft Visual Studio Solution File, Format Version 12.00
# Visual Studio Version 17
VisualStudioVersion = 17.1.32421.90
MinimumVisualStudioVersion = 10.0.40219.1
Project("{8BC9CEB8-8B4A-11D0-8D11-00A0C91BC942}") = "queue with array", "queue with array\queue with array.vcxproj", "{E4A4EEA5-9EC1-4AD3-9FAB-AA49A550861D}"
EndProject
Global
	GlobalSection(SolutionConfigurationPlatforms) = preSolution
		Debug|x64 = Debug|x64
		Debug|x86 = Debug|x86
		Release|x64 = Release|x64
		Release|x86 = Release|x86
	EndGlobalSection
	GlobalSection(ProjectConfigurationPlatforms) = postSolution
		{E4A4EEA5-9EC1-4AD3-9FAB-AA49A550861D}.Debug|x64.ActiveCfg = Debug|x64
		{E4A4EEA5-9EC1-4AD3-9FAB-AA49A550861D}.Debug|x64.Build.0 = Debug|x64
		{E4A4EEA5-9EC1-4AD3-9FAB-AA49A550861D}.Debug|x86.ActiveCfg = Debug|Win32
		{E4A4EEA5-9EC1-4AD3-9FAB-AA49A550861D}.Debug|x86.Build.0 = Debug|Win32
		{E4A4EEA5-9EC1-4AD3-9FAB-AA49A550861D}.Release|x64.ActiveCfg = Release|x64
		{E4A4EEA5-9EC1-4AD3-9FAB-AA49A550861D}.Release|x64.Build.0 = Release|x64
		{E4A4EEA5-9EC1-4AD3-9FAB-AA49A550861D}.Release|x86.ActiveCfg = Release|Win32
		{E4A4EEA5-9EC1-4AD3-9FAB-AA49A550861D}.Release|x86.Build.0 = Release|Win32
	EndGlobalSection
	GlobalSection(SolutionProperties) = preSolution
		HideSolutionNode = FALSE
	EndGlobalSection
	GlobalSection(ExtensibilityGlobals) = postSolution
		SolutionGuid = {99EEB0C5-0EF7-401D-89C9-19CD0B6FD6F4}
	EndGlobalSection
EndGlobal
