
Microsoft Visual Studio Solution File, Format Version 12.00
# Visual Studio Version 17
VisualStudioVersion = 17.1.32421.90
MinimumVisualStudioVersion = 10.0.40219.1
Project("{8BC9CEB8-8B4A-11D0-8D11-00A0C91BC942}") = "cycle detection in undirected graph usinf dfs and bfs", "cycle detection in undirected graph usinf dfs and bfs\cycle detection in undirected graph usinf dfs and bfs.vcxproj", "{DAAE85A1-FB02-433F-9E4B-18F57B02E7AF}"
EndProject
Global
	GlobalSection(SolutionConfigurationPlatforms) = preSolution
		Debug|x64 = Debug|x64
		Debug|x86 = Debug|x86
		Release|x64 = Release|x64
		Release|x86 = Release|x86
	EndGlobalSection
	GlobalSection(ProjectConfigurationPlatforms) = postSolution
		{DAAE85A1-FB02-433F-9E4B-18F57B02E7AF}.Debug|x64.ActiveCfg = Debug|x64
		{DAAE85A1-FB02-433F-9E4B-18F57B02E7AF}.Debug|x64.Build.0 = Debug|x64
		{DAAE85A1-FB02-433F-9E4B-18F57B02E7AF}.Debug|x86.ActiveCfg = Debug|Win32
		{DAAE85A1-FB02-433F-9E4B-18F57B02E7AF}.Debug|x86.Build.0 = Debug|Win32
		{DAAE85A1-FB02-433F-9E4B-18F57B02E7AF}.Release|x64.ActiveCfg = Release|x64
		{DAAE85A1-FB02-433F-9E4B-18F57B02E7AF}.Release|x64.Build.0 = Release|x64
		{DAAE85A1-FB02-433F-9E4B-18F57B02E7AF}.Release|x86.ActiveCfg = Release|Win32
		{DAAE85A1-FB02-433F-9E4B-18F57B02E7AF}.Release|x86.Build.0 = Release|Win32
	EndGlobalSection
	GlobalSection(SolutionProperties) = preSolution
		HideSolutionNode = FALSE
	EndGlobalSection
	GlobalSection(ExtensibilityGlobals) = postSolution
		SolutionGuid = {B91B24EE-7861-4F07-9156-02F2DAA78BEC}
	EndGlobalSection
EndGlobal
