
Microsoft Visual Studio Solution File, Format Version 12.00
# Visual Studio Version 17
VisualStudioVersion = 17.1.32421.90
MinimumVisualStudioVersion = 10.0.40219.1
Project("{8BC9CEB8-8B4A-11D0-8D11-00A0C91BC942}") = "bubble sort", "bubble sort\bubble sort.vcxproj", "{BE872B30-1C2D-496D-B572-E0B4DDB19A9B}"
EndProject
Global
	GlobalSection(SolutionConfigurationPlatforms) = preSolution
		Debug|x64 = Debug|x64
		Debug|x86 = Debug|x86
		Release|x64 = Release|x64
		Release|x86 = Release|x86
	EndGlobalSection
	GlobalSection(ProjectConfigurationPlatforms) = postSolution
		{BE872B30-1C2D-496D-B572-E0B4DDB19A9B}.Debug|x64.ActiveCfg = Debug|x64
		{BE872B30-1C2D-496D-B572-E0B4DDB19A9B}.Debug|x64.Build.0 = Debug|x64
		{BE872B30-1C2D-496D-B572-E0B4DDB19A9B}.Debug|x86.ActiveCfg = Debug|Win32
		{BE872B30-1C2D-496D-B572-E0B4DDB19A9B}.Debug|x86.Build.0 = Debug|Win32
		{BE872B30-1C2D-496D-B572-E0B4DDB19A9B}.Release|x64.ActiveCfg = Release|x64
		{BE872B30-1C2D-496D-B572-E0B4DDB19A9B}.Release|x64.Build.0 = Release|x64
		{BE872B30-1C2D-496D-B572-E0B4DDB19A9B}.Release|x86.ActiveCfg = Release|Win32
		{BE872B30-1C2D-496D-B572-E0B4DDB19A9B}.Release|x86.Build.0 = Release|Win32
	EndGlobalSection
	GlobalSection(SolutionProperties) = preSolution
		HideSolutionNode = FALSE
	EndGlobalSection
	GlobalSection(ExtensibilityGlobals) = postSolution
		SolutionGuid = {ACBD34AE-00EE-4F05-BB7A-962E3128E693}
	EndGlobalSection
EndGlobal
