
Microsoft Visual Studio Solution File, Format Version 12.00
# Visual Studio Version 17
VisualStudioVersion = 17.1.32421.90
MinimumVisualStudioVersion = 10.0.40219.1
Project("{8BC9CEB8-8B4A-11D0-8D11-00A0C91BC942}") = "insertion and deletion in binary search", "insertion and deletion in binary search\insertion and deletion in binary search.vcxproj", "{67BF61CE-E895-4B99-915E-9A8E04C18FF6}"
EndProject
Global
	GlobalSection(SolutionConfigurationPlatforms) = preSolution
		Debug|x64 = Debug|x64
		Debug|x86 = Debug|x86
		Release|x64 = Release|x64
		Release|x86 = Release|x86
	EndGlobalSection
	GlobalSection(ProjectConfigurationPlatforms) = postSolution
		{67BF61CE-E895-4B99-915E-9A8E04C18FF6}.Debug|x64.ActiveCfg = Debug|x64
		{67BF61CE-E895-4B99-915E-9A8E04C18FF6}.Debug|x64.Build.0 = Debug|x64
		{67BF61CE-E895-4B99-915E-9A8E04C18FF6}.Debug|x86.ActiveCfg = Debug|Win32
		{67BF61CE-E895-4B99-915E-9A8E04C18FF6}.Debug|x86.Build.0 = Debug|Win32
		{67BF61CE-E895-4B99-915E-9A8E04C18FF6}.Release|x64.ActiveCfg = Release|x64
		{67BF61CE-E895-4B99-915E-9A8E04C18FF6}.Release|x64.Build.0 = Release|x64
		{67BF61CE-E895-4B99-915E-9A8E04C18FF6}.Release|x86.ActiveCfg = Release|Win32
		{67BF61CE-E895-4B99-915E-9A8E04C18FF6}.Release|x86.Build.0 = Release|Win32
	EndGlobalSection
	GlobalSection(SolutionProperties) = preSolution
		HideSolutionNode = FALSE
	EndGlobalSection
	GlobalSection(ExtensibilityGlobals) = postSolution
		SolutionGuid = {FD07C106-ACFB-47DA-922D-87E305FCA4F4}
	EndGlobalSection
EndGlobal
